
Microsoft Visual Studio Solution File, Format Version 11.00
# Visual Studio 2010
Project("{888888A0-9F3D-457C-B088-3A5042F75D52}") = "SpamLord", "SpamLord.pyproj", "{4FFECA76-D506-499A-BD6C-8C9C39B955AD}"
EndProject
Global
	GlobalSection(SolutionConfigurationPlatforms) = preSolution
		Debug|Any CPU = Debug|Any CPU
		Release|Any CPU = Release|Any CPU
	EndGlobalSection
	GlobalSection(ProjectConfigurationPlatforms) = postSolution
		{4FFECA76-D506-499A-BD6C-8C9C39B955AD}.Debug|Any CPU.ActiveCfg = Debug|Any CPU
		{4FFECA76-D506-499A-BD6C-8C9C39B955AD}.Release|Any CPU.ActiveCfg = Release|Any CPU
	EndGlobalSection
	GlobalSection(SolutionProperties) = preSolution
		HideSolutionNode = FALSE
	EndGlobalSection
EndGlobal
